
Microsoft Visual Studio Solution File, Format Version 12.00
# Visual Studio Version 17
VisualStudioVersion = 17.6.33723.286
MinimumVisualStudioVersion = 10.0.40219.1
Project("{FAE04EC0-301F-11D3-BF4B-00C04F79EFBC}") = "optionsReportApi", "optionsReportApi.csproj", "{A3BD3768-CD32-4ABB-A4C5-377C64BFAAA6}"
EndProject
Global
	GlobalSection(SolutionConfigurationPlatforms) = preSolution
		Debug|Any CPU = Debug|Any CPU
		Release|Any CPU = Release|Any CPU
	EndGlobalSection
	GlobalSection(ProjectConfigurationPlatforms) = postSolution
		{A3BD3768-CD32-4ABB-A4C5-377C64BFAAA6}.Debug|Any CPU.ActiveCfg = Debug|Any CPU
		{A3BD3768-CD32-4ABB-A4C5-377C64BFAAA6}.Debug|Any CPU.Build.0 = Debug|Any CPU
		{A3BD3768-CD32-4ABB-A4C5-377C64BFAAA6}.Release|Any CPU.ActiveCfg = Release|Any CPU
		{A3BD3768-CD32-4ABB-A4C5-377C64BFAAA6}.Release|Any CPU.Build.0 = Release|Any CPU
	EndGlobalSection
	GlobalSection(SolutionProperties) = preSolution
		HideSolutionNode = FALSE
	EndGlobalSection
	GlobalSection(ExtensibilityGlobals) = postSolution
		SolutionGuid = {77E05173-3AEA-4AA3-9118-24ACCEC3D471}
	EndGlobalSection
EndGlobal
